
Microsoft Visual Studio Solution File, Format Version 12.00
# Visual Studio Version 16
VisualStudioVersion = 16.0.30907.101
MinimumVisualStudioVersion = 10.0.40219.1
Project("{9A19103F-16F7-4668-BE54-9A1E7A4F7556}") = "ART.Triangle.BL.Models", "ART.Triangle.BL.Models\ART.Triangle.BL.Models.csproj", "{C584398C-D9F8-47C8-B75F-51C9F54CD933}"
EndProject
Project("{00D1A9C2-B5F0-4AF3-8072-F6C62B433612}") = "ART.Triangle.DB", "ART.Triangle.DB\ART.Triangle.DB.sqlproj", "{C6F41680-DF4A-41D0-8BB0-A65FE9C21A61}"
EndProject
Global
	GlobalSection(SolutionConfigurationPlatforms) = preSolution
		Debug|Any CPU = Debug|Any CPU
		Release|Any CPU = Release|Any CPU
	EndGlobalSection
	GlobalSection(ProjectConfigurationPlatforms) = postSolution
		{C584398C-D9F8-47C8-B75F-51C9F54CD933}.Debug|Any CPU.ActiveCfg = Debug|Any CPU
		{C584398C-D9F8-47C8-B75F-51C9F54CD933}.Debug|Any CPU.Build.0 = Debug|Any CPU
		{C584398C-D9F8-47C8-B75F-51C9F54CD933}.Release|Any CPU.ActiveCfg = Release|Any CPU
		{C584398C-D9F8-47C8-B75F-51C9F54CD933}.Release|Any CPU.Build.0 = Release|Any CPU
		{C6F41680-DF4A-41D0-8BB0-A65FE9C21A61}.Debug|Any CPU.ActiveCfg = Debug|Any CPU
		{C6F41680-DF4A-41D0-8BB0-A65FE9C21A61}.Debug|Any CPU.Build.0 = Debug|Any CPU
		{C6F41680-DF4A-41D0-8BB0-A65FE9C21A61}.Debug|Any CPU.Deploy.0 = Debug|Any CPU
		{C6F41680-DF4A-41D0-8BB0-A65FE9C21A61}.Release|Any CPU.ActiveCfg = Release|Any CPU
		{C6F41680-DF4A-41D0-8BB0-A65FE9C21A61}.Release|Any CPU.Build.0 = Release|Any CPU
		{C6F41680-DF4A-41D0-8BB0-A65FE9C21A61}.Release|Any CPU.Deploy.0 = Release|Any CPU
	EndGlobalSection
	GlobalSection(SolutionProperties) = preSolution
		HideSolutionNode = FALSE
	EndGlobalSection
	GlobalSection(ExtensibilityGlobals) = postSolution
		SolutionGuid = {CAE1D691-AA45-4630-975C-574F1B56CC9A}
	EndGlobalSection
EndGlobal
