
Microsoft Visual Studio Solution File, Format Version 12.00
# Visual Studio Version 16
VisualStudioVersion = 16.0.30907.101
MinimumVisualStudioVersion = 10.0.40219.1
Project("{9A19103F-16F7-4668-BE54-9A1E7A4F7556}") = "ART.Triangle.BL.Models", "ART.Triangle.BL.Models\ART.Triangle.BL.Models.csproj", "{C584398C-D9F8-47C8-B75F-51C9F54CD933}"
EndProject
Project("{00D1A9C2-B5F0-4AF3-8072-F6C62B433612}") = "ART.Triangle.DB", "ART.Triangle.DB\ART.Triangle.DB.sqlproj", "{C6F41680-DF4A-41D0-8BB0-A65FE9C21A61}"
EndProject
Project("{9A19103F-16F7-4668-BE54-9A1E7A4F7556}") = "ART.Triangle.PL", "ART.Triangle.PL\ART.Triangle.PL.csproj", "{C1139A1D-67BC-4178-A520-1AD083FC67A3}"
EndProject
Project("{2150E333-8FDC-42A3-9474-1A3956D46DE8}") = "Solution Items", "Solution Items", "{18F89C49-E07B-4E59-96BE-3DCB19A8CC0B}"
	ProjectSection(SolutionItems) = preProject
		TextFile1.txt = TextFile1.txt
	EndProjectSection
EndProject
Project("{9A19103F-16F7-4668-BE54-9A1E7A4F7556}") = "ART.Trianlge.PL.Test", "ART.Trianlge,PL.Test\ART.Trianlge.PL.Test.csproj", "{D9B67E9E-2EE7-4B86-9151-C6A0EDE05A60}"
EndProject
Project("{9A19103F-16F7-4668-BE54-9A1E7A4F7556}") = "ART.Triangle.BL", "ART.Triangle.BL\ART.Triangle.BL.csproj", "{059153A5-24AE-4EFD-8838-0ADF0261F756}"
EndProject
Project("{FAE04EC0-301F-11D3-BF4B-00C04F79EFBC}") = "ART.Triangle.BL.Test", "ART.Triangle.BL.Test\ART.Triangle.BL.Test.csproj", "{0A37BD55-4570-4323-897D-54131C1C4718}"
EndProject
Global
	GlobalSection(SolutionConfigurationPlatforms) = preSolution
		Debug|Any CPU = Debug|Any CPU
		Release|Any CPU = Release|Any CPU
	EndGlobalSection
	GlobalSection(ProjectConfigurationPlatforms) = postSolution
		{C584398C-D9F8-47C8-B75F-51C9F54CD933}.Debug|Any CPU.ActiveCfg = Debug|Any CPU
		{C584398C-D9F8-47C8-B75F-51C9F54CD933}.Debug|Any CPU.Build.0 = Debug|Any CPU
		{C584398C-D9F8-47C8-B75F-51C9F54CD933}.Release|Any CPU.ActiveCfg = Release|Any CPU
		{C584398C-D9F8-47C8-B75F-51C9F54CD933}.Release|Any CPU.Build.0 = Release|Any CPU
		{C6F41680-DF4A-41D0-8BB0-A65FE9C21A61}.Debug|Any CPU.ActiveCfg = Debug|Any CPU
		{C6F41680-DF4A-41D0-8BB0-A65FE9C21A61}.Debug|Any CPU.Build.0 = Debug|Any CPU
		{C6F41680-DF4A-41D0-8BB0-A65FE9C21A61}.Debug|Any CPU.Deploy.0 = Debug|Any CPU
		{C6F41680-DF4A-41D0-8BB0-A65FE9C21A61}.Release|Any CPU.ActiveCfg = Release|Any CPU
		{C6F41680-DF4A-41D0-8BB0-A65FE9C21A61}.Release|Any CPU.Build.0 = Release|Any CPU
		{C6F41680-DF4A-41D0-8BB0-A65FE9C21A61}.Release|Any CPU.Deploy.0 = Release|Any CPU
		{C1139A1D-67BC-4178-A520-1AD083FC67A3}.Debug|Any CPU.ActiveCfg = Debug|Any CPU
		{C1139A1D-67BC-4178-A520-1AD083FC67A3}.Debug|Any CPU.Build.0 = Debug|Any CPU
		{C1139A1D-67BC-4178-A520-1AD083FC67A3}.Release|Any CPU.ActiveCfg = Release|Any CPU
		{C1139A1D-67BC-4178-A520-1AD083FC67A3}.Release|Any CPU.Build.0 = Release|Any CPU
		{D9B67E9E-2EE7-4B86-9151-C6A0EDE05A60}.Debug|Any CPU.ActiveCfg = Debug|Any CPU
		{D9B67E9E-2EE7-4B86-9151-C6A0EDE05A60}.Debug|Any CPU.Build.0 = Debug|Any CPU
		{D9B67E9E-2EE7-4B86-9151-C6A0EDE05A60}.Release|Any CPU.ActiveCfg = Release|Any CPU
		{D9B67E9E-2EE7-4B86-9151-C6A0EDE05A60}.Release|Any CPU.Build.0 = Release|Any CPU
		{059153A5-24AE-4EFD-8838-0ADF0261F756}.Debug|Any CPU.ActiveCfg = Debug|Any CPU
		{059153A5-24AE-4EFD-8838-0ADF0261F756}.Debug|Any CPU.Build.0 = Debug|Any CPU
		{059153A5-24AE-4EFD-8838-0ADF0261F756}.Release|Any CPU.ActiveCfg = Release|Any CPU
		{059153A5-24AE-4EFD-8838-0ADF0261F756}.Release|Any CPU.Build.0 = Release|Any CPU
		{0A37BD55-4570-4323-897D-54131C1C4718}.Debug|Any CPU.ActiveCfg = Debug|Any CPU
		{0A37BD55-4570-4323-897D-54131C1C4718}.Debug|Any CPU.Build.0 = Debug|Any CPU
		{0A37BD55-4570-4323-897D-54131C1C4718}.Release|Any CPU.ActiveCfg = Release|Any CPU
		{0A37BD55-4570-4323-897D-54131C1C4718}.Release|Any CPU.Build.0 = Release|Any CPU
	EndGlobalSection
	GlobalSection(SolutionProperties) = preSolution
		HideSolutionNode = FALSE
	EndGlobalSection
	GlobalSection(ExtensibilityGlobals) = postSolution
		SolutionGuid = {CAE1D691-AA45-4630-975C-574F1B56CC9A}
	EndGlobalSection
EndGlobal
